
Microsoft Visual Studio Solution File, Format Version 12.00
# Visual Studio Version 17
VisualStudioVersion = 17.4.33205.214
MinimumVisualStudioVersion = 10.0.40219.1
Project("{FAE04EC0-301F-11D3-BF4B-00C04F79EFBC}") = "RankingApp", "RankingApp.csproj", "{8B2F2EC9-DC3E-4A4D-B287-B5F634587756}"
EndProject
Global
	GlobalSection(SolutionConfigurationPlatforms) = preSolution
		Debug|Any CPU = Debug|Any CPU
		Release|Any CPU = Release|Any CPU
	EndGlobalSection
	GlobalSection(ProjectConfigurationPlatforms) = postSolution
		{8B2F2EC9-DC3E-4A4D-B287-B5F634587756}.Debug|Any CPU.ActiveCfg = Debug|Any CPU
		{8B2F2EC9-DC3E-4A4D-B287-B5F634587756}.Debug|Any CPU.Build.0 = Debug|Any CPU
		{8B2F2EC9-DC3E-4A4D-B287-B5F634587756}.Release|Any CPU.ActiveCfg = Release|Any CPU
		{8B2F2EC9-DC3E-4A4D-B287-B5F634587756}.Release|Any CPU.Build.0 = Release|Any CPU
	EndGlobalSection
	GlobalSection(SolutionProperties) = preSolution
		HideSolutionNode = FALSE
	EndGlobalSection
	GlobalSection(ExtensibilityGlobals) = postSolution
		SolutionGuid = {F6E57339-E43E-43CB-BB18-79806630BBB2}
	EndGlobalSection
EndGlobal
